// !$*UTF8*$!
{
	archiveVersion = 1;
	classes = {
	};
	objectVersion = 46;
	objects = {

/* Begin PBXBuildFile section */
		6BD87D031AB672BE003C7264 /* AppDelegate.swift in Sources */ = {isa = PBXBuildFile; fileRef = 6BD87D021AB672BE003C7264 /* AppDelegate.swift */; };
		6BD87D051AB672BE003C7264 /* RecordSoundsViewController.swift in Sources */ = {isa = PBXBuildFile; fileRef = 6BD87D041AB672BE003C7264 /* RecordSoundsViewController.swift */; };
		6BD87D081AB672BE003C7264 /* Main.storyboard in Resources */ = {isa = PBXBuildFile; fileRef = 6BD87D061AB672BE003C7264 /* Main.storyboard */; };
		6BD87D0A1AB672BE003C7264 /* Images.xcassets in Resources */ = {isa = PBXBuildFile; fileRef = 6BD87D091AB672BE003C7264 /* Images.xcassets */; };
		6BD87D0D1AB672BE003C7264 /* LaunchScreen.xib in Resources */ = {isa = PBXBuildFile; fileRef = 6BD87D0B1AB672BE003C7264 /* LaunchScreen.xib */; };
		6BD87D191AB672BE003C7264 /* Pitch_PerfectTests.swift in Sources */ = {isa = PBXBuildFile; fileRef = 6BD87D181AB672BE003C7264 /* Pitch_PerfectTests.swift */; };
		6BD87D231AB778ED003C7264 /* PlaySoundsViewController.swift in Sources */ = {isa = PBXBuildFile; fileRef = 6BD87D221AB778ED003C7264 /* PlaySoundsViewController.swift */; };
		6BD87D251AB780CF003C7264 /* movie_quote.mp3 in Resources */ = {isa = PBXBuildFile; fileRef = 6BD87D241AB780CF003C7264 /* movie_quote.mp3 */; };
		6BD87D271AB8DD99003C7264 /* RecordedAudio.swift in Sources */ = {isa = PBXBuildFile; fileRef = 6BD87D261AB8DD99003C7264 /* RecordedAudio.swift */; };
/* End PBXBuildFile section */

/* Begin PBXContainerItemProxy section */
		6BD87D131AB672BE003C7264 /* PBXContainerItemProxy */ = {
			isa = PBXContainerItemProxy;
			containerPortal = 6BD87CF51AB672BE003C7264 /* Project object */;
			proxyType = 1;
			remoteGlobalIDString = 6BD87CFC1AB672BE003C7264;
			remoteInfo = "Pitch Perfect";
		};
/* End PBXContainerItemProxy section */

/* Begin PBXFileReference section */
		6BD87CFD1AB672BE003C7264 /* Pitch Perfect.app */ = {isa = PBXFileReference; explicitFileType = wrapper.application; includeInIndex = 0; path = "Pitch Perfect.app"; sourceTree = BUILT_PRODUCTS_DIR; };
		6BD87D011AB672BE003C7264 /* Info.plist */ = {isa = PBXFileReference; lastKnownFileType = text.plist.xml; path = Info.plist; sourceTree = "<group>"; };
		6BD87D021AB672BE003C7264 /* AppDelegate.swift */ = {isa = PBXFileReference; lastKnownFileType = sourcecode.swift; path = AppDelegate.swift; sourceTree = "<group>"; };
		6BD87D041AB672BE003C7264 /* RecordSoundsViewController.swift */ = {isa = PBXFileReference; lastKnownFileType = sourcecode.swift; path = RecordSoundsViewController.swift; sourceTree = "<group>"; };
		6BD87D071AB672BE003C7264 /* Base */ = {isa = PBXFileReference; lastKnownFileType = file.storyboard; name = Base; path = Base.lproj/Main.storyboard; sourceTree = "<group>"; };
		6BD87D091AB672BE003C7264 /* Images.xcassets */ = {isa = PBXFileReference; lastKnownFileType = folder.assetcatalog; path = Images.xcassets; sourceTree = "<group>"; };
		6BD87D0C1AB672BE003C7264 /* Base */ = {isa = PBXFileReference; lastKnownFileType = file.xib; name = Base; path = Base.lproj/LaunchScreen.xib; sourceTree = "<group>"; };
		6BD87D121AB672BE003C7264 /* Pitch PerfectTests.xctest */ = {isa = PBXFileReference; explicitFileType = wrapper.cfbundle; includeInIndex = 0; path = "Pitch PerfectTests.xctest"; sourceTree = BUILT_PRODUCTS_DIR; };
		6BD87D171AB672BE003C7264 /* Info.plist */ = {isa = PBXFileReference; lastKnownFileType = text.plist.xml; path = Info.plist; sourceTree = "<group>"; };
		6BD87D181AB672BE003C7264 /* Pitch_PerfectTests.swift */ = {isa = PBXFileReference; lastKnownFileType = sourcecode.swift; path = Pitch_PerfectTests.swift; sourceTree = "<group>"; };
		6BD87D221AB778ED003C7264 /* PlaySoundsViewController.swift */ = {isa = PBXFileReference; fileEncoding = 4; lastKnownFileType = sourcecode.swift; path = PlaySoundsViewController.swift; sourceTree = "<group>"; };
		6BD87D241AB780CF003C7264 /* movie_quote.mp3 */ = {isa = PBXFileReference; lastKnownFileType = audio.mp3; path = movie_quote.mp3; sourceTree = "<group>"; };
		6BD87D261AB8DD99003C7264 /* RecordedAudio.swift */ = {isa = PBXFileReference; fileEncoding = 4; lastKnownFileType = sourcecode.swift; path = RecordedAudio.swift; sourceTree = "<group>"; };
/* End PBXFileReference section */

/* Begin PBXFrameworksBuildPhase section */
		6BD87CFA1AB672BE003C7264 /* Frameworks */ = {
			isa = PBXFrameworksBuildPhase;
			buildActionMask = 2147483647;
			files = (
			);
			runOnlyForDeploymentPostprocessing = 0;
		};
		6BD87D0F1AB672BE003C7264 /* Frameworks */ = {
			isa = PBXFrameworksBuildPhase;
			buildActionMask = 2147483647;
			files = (
			);
			runOnlyForDeploymentPostprocessing = 0;
		};
/* End PBXFrameworksBuildPhase section */

/* Begin PBXGroup section */
		6BD87CF41AB672BE003C7264 = {
			isa = PBXGroup;
			children = (
				6BD87CFF1AB672BE003C7264 /* Pitch Perfect */,
				6BD87D151AB672BE003C7264 /* Pitch PerfectTests */,
				6BD87CFE1AB672BE003C7264 /* Products */,
			);
			sourceTree = "<group>";
		};
		6BD87CFE1AB672BE003C7264 /* Products */ = {
			isa = PBXGroup;
			children = (
				6BD87CFD1AB672BE003C7264 /* Pitch Perfect.app */,
				6BD87D121AB672BE003C7264 /* Pitch PerfectTests.xctest */,
			);
			name = Products;
			sourceTree = "<group>";
		};
		6BD87CFF1AB672BE003C7264 /* Pitch Perfect */ = {
			isa = PBXGroup;
			children = (
				6BD87D021AB672BE003C7264 /* AppDelegate.swift */,
				6BD87D041AB672BE003C7264 /* RecordSoundsViewController.swift */,
				6BD87D261AB8DD99003C7264 /* RecordedAudio.swift */,
				6BD87D061AB672BE003C7264 /* Main.storyboard */,
				6BD87D221AB778ED003C7264 /* PlaySoundsViewController.swift */,
				6BD87D091AB672BE003C7264 /* Images.xcassets */,
				6BD87D0B1AB672BE003C7264 /* LaunchScreen.xib */,
				6BD87D001AB672BE003C7264 /* Supporting Files */,
			);
			path = "Pitch Perfect";
			sourceTree = "<group>";
		};
		6BD87D001AB672BE003C7264 /* Supporting Files */ = {
			isa = PBXGroup;
			children = (
				6BD87D241AB780CF003C7264 /* movie_quote.mp3 */,
				6BD87D011AB672BE003C7264 /* Info.plist */,
			);
			name = "Supporting Files";
			sourceTree = "<group>";
		};
		6BD87D151AB672BE003C7264 /* Pitch PerfectTests */ = {
			isa = PBXGroup;
			children = (
				6BD87D181AB672BE003C7264 /* Pitch_PerfectTests.swift */,
				6BD87D161AB672BE003C7264 /* Supporting Files */,
			);
			path = "Pitch PerfectTests";
			sourceTree = "<group>";
		};
		6BD87D161AB672BE003C7264 /* Supporting Files */ = {
			isa = PBXGroup;
			children = (
				6BD87D171AB672BE003C7264 /* Info.plist */,
			);
			name = "Supporting Files";
			sourceTree = "<group>";
		};
/* End PBXGroup section */

/* Begin PBXNativeTarget section */
		6BD87CFC1AB672BE003C7264 /* Pitch Perfect */ = {
			isa = PBXNativeTarget;
			buildConfigurationList = 6BD87D1C1AB672BE003C7264 /* Build configuration list for PBXNativeTarget "Pitch Perfect" */;
			buildPhases = (
				6BD87CF91AB672BE003C7264 /* Sources */,
				6BD87CFA1AB672BE003C7264 /* Frameworks */,
				6BD87CFB1AB672BE003C7264 /* Resources */,
			);
			buildRules = (
			);
			dependencies = (
			);
			name = "Pitch Perfect";
			productName = "Pitch Perfect";
			productReference = 6BD87CFD1AB672BE003C7264 /* Pitch Perfect.app */;
			productType = "com.apple.product-type.application";
		};
		6BD87D111AB672BE003C7264 /* Pitch PerfectTests */ = {
			isa = PBXNativeTarget;
			buildConfigurationList = 6BD87D1F1AB672BE003C7264 /* Build configuration list for PBXNativeTarget "Pitch PerfectTests" */;
			buildPhases = (
				6BD87D0E1AB672BE003C7264 /* Sources */,
				6BD87D0F1AB672BE003C7264 /* Frameworks */,
				6BD87D101AB672BE003C7264 /* Resources */,
			);
			buildRules = (
			);
			dependencies = (
				6BD87D141AB672BE003C7264 /* PBXTargetDependency */,
			);
			name = "Pitch PerfectTests";
			productName = "Pitch PerfectTests";
			productReference = 6BD87D121AB672BE003C7264 /* Pitch PerfectTests.xctest */;
			productType = "com.apple.product-type.bundle.unit-test";
		};
/* End PBXNativeTarget section */

/* Begin PBXProject section */
		6BD87CF51AB672BE003C7264 /* Project object */ = {
			isa = PBXProject;
			attributes = {
				LastUpgradeCheck = 0610;
				ORGANIZATIONNAME = calvinapp;
				TargetAttributes = {
					6BD87CFC1AB672BE003C7264 = {
						CreatedOnToolsVersion = 6.1;
						DevelopmentTeam = 2Y54HQJPY5;
					};
					6BD87D111AB672BE003C7264 = {
						CreatedOnToolsVersion = 6.1;
						TestTargetID = 6BD87CFC1AB672BE003C7264;
					};
				};
			};
			buildConfigurationList = 6BD87CF81AB672BE003C7264 /* Build configuration list for PBXProject "Pitch Perfect" */;
			compatibilityVersion = "Xcode 3.2";
			developmentRegion = English;
			hasScannedForEncodings = 0;
			knownRegions = (
				en,
				Base,
			);
			mainGroup = 6BD87CF41AB672BE003C7264;
			productRefGroup = 6BD87CFE1AB672BE003C7264 /* Products */;
			projectDirPath = "";
			projectRoot = "";
			targets = (
				6BD87CFC1AB672BE003C7264 /* Pitch Perfect */,
				6BD87D111AB672BE003C7264 /* Pitch PerfectTests */,
			);
		};
/* End PBXProject section */

/* Begin PBXResourcesBuildPhase section */
		6BD87CFB1AB672BE003C7264 /* Resources */ = {
			isa = PBXResourcesBuildPhase;
			buildActionMask = 2147483647;
			files = (
				6BD87D081AB672BE003C7264 /* Main.storyboard in Resources */,
				6BD87D0D1AB672BE003C7264 /* LaunchScreen.xib in Resources */,
				6BD87D251AB780CF003C7264 /* movie_quote.mp3 in Resources */,
				6BD87D0A1AB672BE003C7264 /* Images.xcassets in Resources */,
			);
			runOnlyForDeploymentPostprocessing = 0;
		};
		6BD87D101AB672BE003C7264 /* Resources */ = {
			isa = PBXResourcesBuildPhase;
			buildActionMask = 2147483647;
			files = (
			);
			runOnlyForDeploymentPostprocessing = 0;
		};
/* End PBXResourcesBuildPhase section */

/* Begin PBXSourcesBuildPhase section */
		6BD87CF91AB672BE003C7264 /* Sources */ = {
			isa = PBXSourcesBuildPhase;
			buildActionMask = 2147483647;
			files = (
				6BD87D271AB8DD99003C7264 /* RecordedAudio.swift in Sources */,
				6BD87D051AB672BE003C7264 /* RecordSoundsViewController.swift in Sources */,
				6BD87D231AB778ED003C7264 /* PlaySoundsViewController.swift in Sources */,
				6BD87D031AB672BE003C7264 /* AppDelegate.swift in Sources */,
			);
			runOnlyForDeploymentPostprocessing = 0;
		};
		6BD87D0E1AB672BE003C7264 /* Sources */ = {
			isa = PBXSourcesBuildPhase;
			buildActionMask = 2147483647;
			files = (
				6BD87D191AB672BE003C7264 /* Pitch_PerfectTests.swift in Sources */,
			);
			runOnlyForDeploymentPostprocessing = 0;
		};
/* End PBXSourcesBuildPhase section */

/* Begin PBXTargetDependency section */
		6BD87D141AB672BE003C7264 /* PBXTargetDependency */ = {
			isa = PBXTargetDependency;
			target = 6BD87CFC1AB672BE003C7264 /* Pitch Perfect */;
			targetProxy = 6BD87D131AB672BE003C7264 /* PBXContainerItemProxy */;
		};
/* End PBXTargetDependency section */

/* Begin PBXVariantGroup section */
		6BD87D061AB672BE003C7264 /* Main.storyboard */ = {
			isa = PBXVariantGroup;
			children = (
				6BD87D071AB672BE003C7264 /* Base */,
			);
			name = Main.storyboard;
			sourceTree = "<group>";
		};
		6BD87D0B1AB672BE003C7264 /* LaunchScreen.xib */ = {
			isa = PBXVariantGroup;
			children = (
				6BD87D0C1AB672BE003C7264 /* Base */,
			);
			name = LaunchScreen.xib;
			sourceTree = "<group>";
		};
/* End PBXVariantGroup section */

/* Begin XCBuildConfiguration section */
		6BD87D1A1AB672BE003C7264 /* Debug */ = {
			isa = XCBuildConfiguration;
			buildSettings = {
				ALWAYS_SEARCH_USER_PATHS = NO;
				CLANG_CXX_LANGUAGE_STANDARD = "gnu++0x";
				CLANG_CXX_LIBRARY = "libc++";
				CLANG_ENABLE_MODULES = YES;
				CLANG_ENABLE_OBJC_ARC = YES;
				CLANG_WARN_BOOL_CONVERSION = YES;
				CLANG_WARN_CONSTANT_CONVERSION = YES;
				CLANG_WARN_DIRECT_OBJC_ISA_USAGE = YES_ERROR;
				CLANG_WARN_EMPTY_BODY = YES;
				CLANG_WARN_ENUM_CONVERSION = YES;
				CLANG_WARN_INT_CONVERSION = YES;
				CLANG_WARN_OBJC_ROOT_CLASS = YES_ERROR;
				CLANG_WARN_UNREACHABLE_CODE = YES;
				CLANG_WARN__DUPLICATE_METHOD_MATCH = YES;
				"CODE_SIGN_IDENTITY[sdk=iphoneos*]" = "iPhone Developer";
				COPY_PHASE_STRIP = NO;
				ENABLE_STRICT_OBJC_MSGSEND = YES;
				GCC_C_LANGUAGE_STANDARD = gnu99;
				GCC_DYNAMIC_NO_PIC = NO;
				GCC_OPTIMIZATION_LEVEL = 0;
				GCC_PREPROCESSOR_DEFINITIONS = (
					"DEBUG=1",
					"$(inherited)",
				);
				GCC_SYMBOLS_PRIVATE_EXTERN = NO;
				GCC_WARN_64_TO_32_BIT_CONVERSION = YES;
				GCC_WARN_ABOUT_RETURN_TYPE = YES_ERROR;
				GCC_WARN_UNDECLARED_SELECTOR = YES;
				GCC_WARN_UNINITIALIZED_AUTOS = YES_AGGRESSIVE;
				GCC_WARN_UNUSED_FUNCTION = YES;
				GCC_WARN_UNUSED_VARIABLE = YES;
				IPHONEOS_DEPLOYMENT_TARGET = 8.1;
				MTL_ENABLE_DEBUG_INFO = YES;
				ONLY_ACTIVE_ARCH = YES;
				SDKROOT = iphoneos;
				SWIFT_OPTIMIZATION_LEVEL = "-Onone";
			};
			name = Debug;
		};
		6BD87D1B1AB672BE003C7264 /* Release */ = {
			isa = XCBuildConfiguration;
			buildSettings = {
				ALWAYS_SEARCH_USER_PATHS = NO;
				CLANG_CXX_LANGUAGE_STANDARD = "gnu++0x";
				CLANG_CXX_LIBRARY = "libc++";
				CLANG_ENABLE_MODULES = YES;
				CLANG_ENABLE_OBJC_ARC = YES;
				CLANG_WARN_BOOL_CONVERSION = YES;
				CLANG_WARN_CONSTANT_CONVERSION = YES;
				CLANG_WARN_DIRECT_OBJC_ISA_USAGE = YES_ERROR;
				CLANG_WARN_EMPTY_BODY = YES;
				CLANG_WARN_ENUM_CONVERSION = YES;
				CLANG_WARN_INT_CONVERSION = YES;
				CLANG_WARN_OBJC_ROOT_CLASS = YES_ERROR;
				CLANG_WARN_UNREACHABLE_CODE = YES;
				CLANG_WARN__DUPLICATE_METHOD_MATCH = YES;
				"CODE_SIGN_IDENTITY[sdk=iphoneos*]" = "iPhone Developer";
				COPY_PHASE_STRIP = YES;
				ENABLE_NS_ASSERTIONS = NO;
				ENABLE_STRICT_OBJC_MSGSEND = YES;
				GCC_C_LANGUAGE_STANDARD = gnu99;
				GCC_WARN_64_TO_32_BIT_CONVERSION = YES;
				GCC_WARN_ABOUT_RETURN_TYPE = YES_ERROR;
				GCC_WARN_UNDECLARED_SELECTOR = YES;
				GCC_WARN_UNINITIALIZED_AUTOS = YES_AGGRESSIVE;
				GCC_WARN_UNUSED_FUNCTION = YES;
				GCC_WARN_UNUSED_VARIABLE = YES;
				IPHONEOS_DEPLOYMENT_TARGET = 8.1;
				MTL_ENABLE_DEBUG_INFO = NO;
				SDKROOT = iphoneos;
				VALIDATE_PRODUCT = YES;
			};
			name = Release;
		};
		6BD87D1D1AB672BE003C7264 /* Debug */ = {
			isa = XCBuildConfiguration;
			buildSettings = {
				ASSETCATALOG_COMPILER_APPICON_NAME = AppIcon;
				CODE_SIGN_IDENTITY = "iPhone Developer";
				"CODE_SIGN_IDENTITY[sdk=iphoneos*]" = "iPhone Developer";
				INFOPLIST_FILE = "Pitch Perfect/Info.plist";
				LD_RUNPATH_SEARCH_PATHS = "$(inherited) @executable_path/Frameworks";
				PRODUCT_NAME = "$(TARGET_NAME)";
				PROVISIONING_PROFILE = "";
			};
			name = Debug;
		};
		6BD87D1E1AB672BE003C7264 /* Release */ = {
			isa = XCBuildConfiguration;
			buildSettings = {
				ASSETCATALOG_COMPILER_APPICON_NAME = AppIcon;
				CODE_SIGN_IDENTITY = "iPhone Developer";
				"CODE_SIGN_IDENTITY[sdk=iphoneos*]" = "iPhone Developer";
				INFOPLIST_FILE = "Pitch Perfect/Info.plist";
				LD_RUNPATH_SEARCH_PATHS = "$(inherited) @executable_path/Frameworks";
				PRODUCT_NAME = "$(TARGET_NAME)";
				PROVISIONING_PROFILE = "";
			};
			name = Release;
		};
		6BD87D201AB672BE003C7264 /* Debug */ = {
			isa = XCBuildConfiguration;
			buildSettings = {
				BUNDLE_LOADER = "$(TEST_HOST)";
				FRAMEWORK_SEARCH_PATHS = (
					"$(SDKROOT)/Developer/Library/Frameworks",
					"$(inherited)",
				);
				GCC_PREPROCESSOR_DEFINITIONS = (
					"DEBUG=1",
					"$(inherited)",
				);
				INFOPLIST_FILE = "Pitch PerfectTests/Info.plist";
				LD_RUNPATH_SEARCH_PATHS = "$(inherited) @executable_path/Frameworks @loader_path/Frameworks";
				PRODUCT_NAME = "$(TARGET_NAME)";
				TEST_HOST = "$(BUILT_PRODUCTS_DIR)/Pitch Perfect.app/Pitch Perfect";
			};
			name = Debug;
		};
		6BD87D211AB672BE003C7264 /* Release */ = {
			isa = XCBuildConfiguration;
			buildSettings = {
				BUNDLE_LOADER = "$(TEST_HOST)";
				FRAMEWORK_SEARCH_PATHS = (
					"$(SDKROOT)/Developer/Library/Frameworks",
					"$(inherited)",
				);
				INFOPLIST_FILE = "Pitch PerfectTests/Info.plist";
				LD_RUNPATH_SEARCH_PATHS = "$(inherited) @executable_path/Frameworks @loader_path/Frameworks";
				PRODUCT_NAME = "$(TARGET_NAME)";
				TEST_HOST = "$(BUILT_PRODUCTS_DIR)/Pitch Perfect.app/Pitch Perfect";
			};
			name = Release;
		};
/* End XCBuildConfiguration section */

/* Begin XCConfigurationList section */
		6BD87CF81AB672BE003C7264 /* Build configuration list for PBXProject "Pitch Perfect" */ = {
			isa = XCConfigurationList;
			buildConfigurations = (
				6BD87D1A1AB672BE003C7264 /* Debug */,
				6BD87D1B1AB672BE003C7264 /* Release */,
			);
			defaultConfigurationIsVisible = 0;
			defaultConfigurationName = Release;
		};
		6BD87D1C1AB672BE003C7264 /* Build configuration list for PBXNativeTarget "Pitch Perfect" */ = {
			isa = XCConfigurationList;
			buildConfigurations = (
				6BD87D1D1AB672BE003C7264 /* Debug */,
				6BD87D1E1AB672BE003C7264 /* Release */,
			);
			defaultConfigurationIsVisible = 0;
			defaultConfigurationName = Release;
		};
		6BD87D1F1AB672BE003C7264 /* Build configuration list for PBXNativeTarget "Pitch PerfectTests" */ = {
			isa = XCConfigurationList;
			buildConfigurations = (
				6BD87D201AB672BE003C7264 /* Debug */,
				6BD87D211AB672BE003C7264 /* Release */,
			);
			defaultConfigurationIsVisible = 0;
			defaultConfigurationName = Release;
		};
/* End XCConfigurationList section */
	};
	rootObject = 6BD87CF51AB672BE003C7264 /* Project object */;
}
